// !$*UTF8*$!
{
	archiveVersion = 1;
	classes = {
	};
	objectVersion = 77;
	objects = {

/* Begin PBXBuildFile section */
		06C81C900FC39D1257DE04E5 /* TallyModels.swift in Sources */ = {isa = PBXBuildFile; fileRef = 7AE145E543E2EA657F085799 /* TallyModels.swift */; };
		143B56A741E9A4EC0FB57714 /* ScanPrototypeView.swift in Sources */ = {isa = PBXBuildFile; fileRef = CD8993335D224C2A716BB76D /* ScanPrototypeView.swift */; };
		159DC6B60A4B70857057399B /* SampleBookSplit.jpeg in Resources */ = {isa = PBXBuildFile; fileRef = 66CACF34F66D4BCE8668897D /* SampleBookSplit.jpeg */; };
		249411DB26F2915BB4572C93 /* TallyOCRService.swift in Sources */ = {isa = PBXBuildFile; fileRef = 7BCC45E938FA6726DCE37928 /* TallyOCRService.swift */; };
		2CF51793861E1866C3038F0D /* PipeTallyApp.swift in Sources */ = {isa = PBXBuildFile; fileRef = F819611C53D0534A4F0EAA59 /* PipeTallyApp.swift */; };
		3ADCC55B6BADF77F1F2B2472 /* SampleSheet2.png in Resources */ = {isa = PBXBuildFile; fileRef = 957E6B9CD0AAD7220313EB6E /* SampleSheet2.png */; };
		4D03D018A223B96901DCDEA4 /* TallyParser.swift in Sources */ = {isa = PBXBuildFile; fileRef = DE9404EA63E04222050328C4 /* TallyParser.swift */; };
		5746CCB06B11AD7804CC9B06 /* TallyExcelExporter.swift in Sources */ = {isa = PBXBuildFile; fileRef = 30B4F5FA5636DC36B84A5D8A /* TallyExcelExporter.swift */; };
		8547431CF6A315001CA392B7 /* SampleSheet1.png in Resources */ = {isa = PBXBuildFile; fileRef = 94D69A04A78094EBE75D47BB /* SampleSheet1.png */; };
		9CC86C7A6067331BE68DB732 /* ScanViewModel.swift in Sources */ = {isa = PBXBuildFile; fileRef = 982B3F9054A25A8DD45E24CD /* ScanViewModel.swift */; };
/* End PBXBuildFile section */

/* Begin PBXFileReference section */
		30B4F5FA5636DC36B84A5D8A /* TallyExcelExporter.swift */ = {isa = PBXFileReference; lastKnownFileType = sourcecode.swift; path = TallyExcelExporter.swift; sourceTree = "<group>"; };
		66CACF34F66D4BCE8668897D /* SampleBookSplit.jpeg */ = {isa = PBXFileReference; lastKnownFileType = image.jpeg; path = SampleBookSplit.jpeg; sourceTree = "<group>"; };
		7AE145E543E2EA657F085799 /* TallyModels.swift */ = {isa = PBXFileReference; lastKnownFileType = sourcecode.swift; path = TallyModels.swift; sourceTree = "<group>"; };
		7BCC45E938FA6726DCE37928 /* TallyOCRService.swift */ = {isa = PBXFileReference; lastKnownFileType = sourcecode.swift; path = TallyOCRService.swift; sourceTree = "<group>"; };
		94D69A04A78094EBE75D47BB /* SampleSheet1.png */ = {isa = PBXFileReference; lastKnownFileType = image.png; path = SampleSheet1.png; sourceTree = "<group>"; };
		957E6B9CD0AAD7220313EB6E /* SampleSheet2.png */ = {isa = PBXFileReference; lastKnownFileType = image.png; path = SampleSheet2.png; sourceTree = "<group>"; };
		982B3F9054A25A8DD45E24CD /* ScanViewModel.swift */ = {isa = PBXFileReference; lastKnownFileType = sourcecode.swift; path = ScanViewModel.swift; sourceTree = "<group>"; };
		CD8993335D224C2A716BB76D /* ScanPrototypeView.swift */ = {isa = PBXFileReference; lastKnownFileType = sourcecode.swift; path = ScanPrototypeView.swift; sourceTree = "<group>"; };
		DE9404EA63E04222050328C4 /* TallyParser.swift */ = {isa = PBXFileReference; lastKnownFileType = sourcecode.swift; path = TallyParser.swift; sourceTree = "<group>"; };
		DF380485B445DCF9CB96A2AD /* PipeTally.app */ = {isa = PBXFileReference; includeInIndex = 0; lastKnownFileType = wrapper.application; path = PipeTally.app; sourceTree = BUILT_PRODUCTS_DIR; };
		ED9BB1983743AA9423330838 /* Info.plist */ = {isa = PBXFileReference; lastKnownFileType = text.plist; path = Info.plist; sourceTree = "<group>"; };
		F819611C53D0534A4F0EAA59 /* PipeTallyApp.swift */ = {isa = PBXFileReference; lastKnownFileType = sourcecode.swift; path = PipeTallyApp.swift; sourceTree = "<group>"; };
/* End PBXFileReference section */

/* Begin PBXGroup section */
		2C58A770EA8135AEADE2C9DA /* Scan */ = {
			isa = PBXGroup;
			children = (
				CD8993335D224C2A716BB76D /* ScanPrototypeView.swift */,
				982B3F9054A25A8DD45E24CD /* ScanViewModel.swift */,
				30B4F5FA5636DC36B84A5D8A /* TallyExcelExporter.swift */,
				7BCC45E938FA6726DCE37928 /* TallyOCRService.swift */,
				DE9404EA63E04222050328C4 /* TallyParser.swift */,
			);
			path = Scan;
			sourceTree = "<group>";
		};
		71A02DB5B3F7987F699A90D2 /* Features */ = {
			isa = PBXGroup;
			children = (
				2C58A770EA8135AEADE2C9DA /* Scan */,
			);
			path = Features;
			sourceTree = "<group>";
		};
		73343C3149C1048FB8631D09 /* Products */ = {
			isa = PBXGroup;
			children = (
				DF380485B445DCF9CB96A2AD /* PipeTally.app */,
			);
			name = Products;
			sourceTree = "<group>";
		};
		86CDF96C6F9036A5588FA79E /* Shared */ = {
			isa = PBXGroup;
			children = (
				7AE145E543E2EA657F085799 /* TallyModels.swift */,
			);
			path = Shared;
			sourceTree = "<group>";
		};
		8A550752CC3DF72EAA7335D4 /* PipeTally */ = {
			isa = PBXGroup;
			children = (
				ED9BB1983743AA9423330838 /* Info.plist */,
				F819611C53D0534A4F0EAA59 /* PipeTallyApp.swift */,
				71A02DB5B3F7987F699A90D2 /* Features */,
				9D1C86FC072404568684967E /* Resources */,
				86CDF96C6F9036A5588FA79E /* Shared */,
			);
			path = PipeTally;
			sourceTree = "<group>";
		};
		9D1C86FC072404568684967E /* Resources */ = {
			isa = PBXGroup;
			children = (
				66CACF34F66D4BCE8668897D /* SampleBookSplit.jpeg */,
				94D69A04A78094EBE75D47BB /* SampleSheet1.png */,
				957E6B9CD0AAD7220313EB6E /* SampleSheet2.png */,
			);
			path = Resources;
			sourceTree = "<group>";
		};
		A2416716DCFCAC1D389B3D9D = {
			isa = PBXGroup;
			children = (
				8A550752CC3DF72EAA7335D4 /* PipeTally */,
				73343C3149C1048FB8631D09 /* Products */,
			);
			sourceTree = "<group>";
		};
/* End PBXGroup section */

/* Begin PBXNativeTarget section */
		3A5D7CE208F81C5D7387E120 /* PipeTally */ = {
			isa = PBXNativeTarget;
			buildConfigurationList = F694641B095B04B2C7ABD147 /* Build configuration list for PBXNativeTarget "PipeTally" */;
			buildPhases = (
				CA374AD04D83C68AC2F65DE1 /* Sources */,
				D5C02CFB68C64C6C2B651258 /* Resources */,
			);
			buildRules = (
			);
			dependencies = (
			);
			name = PipeTally;
			packageProductDependencies = (
			);
			productName = PipeTally;
			productReference = DF380485B445DCF9CB96A2AD /* PipeTally.app */;
			productType = "com.apple.product-type.application";
		};
/* End PBXNativeTarget section */

/* Begin PBXProject section */
		8B7771A72B6F54B404E0A227 /* Project object */ = {
			isa = PBXProject;
			attributes = {
				BuildIndependentTargetsInParallel = YES;
				LastUpgradeCheck = 1430;
				TargetAttributes = {
					3A5D7CE208F81C5D7387E120 = {
						DevelopmentTeam = WBQM995SSV;
						ProvisioningStyle = Automatic;
					};
				};
			};
			buildConfigurationList = 23B198EAE55D4C9128FE6B62 /* Build configuration list for PBXProject "PipeTally" */;
			compatibilityVersion = "Xcode 14.0";
			developmentRegion = en;
			hasScannedForEncodings = 0;
			knownRegions = (
				Base,
				en,
			);
			mainGroup = A2416716DCFCAC1D389B3D9D;
			minimizedProjectReferenceProxies = 1;
			preferredProjectObjectVersion = 77;
			projectDirPath = "";
			projectRoot = "";
			targets = (
				3A5D7CE208F81C5D7387E120 /* PipeTally */,
			);
		};
/* End PBXProject section */

/* Begin PBXResourcesBuildPhase section */
		D5C02CFB68C64C6C2B651258 /* Resources */ = {
			isa = PBXResourcesBuildPhase;
			buildActionMask = 2147483647;
			files = (
				159DC6B60A4B70857057399B /* SampleBookSplit.jpeg in Resources */,
				8547431CF6A315001CA392B7 /* SampleSheet1.png in Resources */,
				3ADCC55B6BADF77F1F2B2472 /* SampleSheet2.png in Resources */,
			);
			runOnlyForDeploymentPostprocessing = 0;
		};
/* End PBXResourcesBuildPhase section */

/* Begin PBXSourcesBuildPhase section */
		CA374AD04D83C68AC2F65DE1 /* Sources */ = {
			isa = PBXSourcesBuildPhase;
			buildActionMask = 2147483647;
			files = (
				2CF51793861E1866C3038F0D /* PipeTallyApp.swift in Sources */,
				143B56A741E9A4EC0FB57714 /* ScanPrototypeView.swift in Sources */,
				9CC86C7A6067331BE68DB732 /* ScanViewModel.swift in Sources */,
				5746CCB06B11AD7804CC9B06 /* TallyExcelExporter.swift in Sources */,
				06C81C900FC39D1257DE04E5 /* TallyModels.swift in Sources */,
				249411DB26F2915BB4572C93 /* TallyOCRService.swift in Sources */,
				4D03D018A223B96901DCDEA4 /* TallyParser.swift in Sources */,
			);
			runOnlyForDeploymentPostprocessing = 0;
		};
/* End PBXSourcesBuildPhase section */

/* Begin XCBuildConfiguration section */
		64263D9BB6180EBBB669C28A /* Release */ = {
			isa = XCBuildConfiguration;
			buildSettings = {
				ASSETCATALOG_COMPILER_APPICON_NAME = AppIcon;
				CODE_SIGN_IDENTITY = "iPhone Developer";
				CODE_SIGN_STYLE = Automatic;
				DEVELOPMENT_TEAM = WBQM995SSV;
				INFOPLIST_FILE = PipeTally/Info.plist;
				IPHONEOS_DEPLOYMENT_TARGET = 26.0;
				LD_RUNPATH_SEARCH_PATHS = (
					"$(inherited)",
					"@executable_path/Frameworks",
				);
				PRODUCT_BUNDLE_IDENTIFIER = com.codymartin.PipeTally;
				PRODUCT_NAME = PipeTally;
				SDKROOT = iphoneos;
				TARGETED_DEVICE_FAMILY = 1;
			};
			name = Release;
		};
		C510F576214F6627273E24FF /* Debug */ = {
			isa = XCBuildConfiguration;
			buildSettings = {
				ALWAYS_SEARCH_USER_PATHS = NO;
				CLANG_ANALYZER_NONNULL = YES;
				CLANG_ANALYZER_NUMBER_OBJECT_CONVERSION = YES_AGGRESSIVE;
				CLANG_CXX_LANGUAGE_STANDARD = "gnu++14";
				CLANG_CXX_LIBRARY = "libc++";
				CLANG_ENABLE_MODULES = YES;
				CLANG_ENABLE_OBJC_ARC = YES;
				CLANG_ENABLE_OBJC_WEAK = YES;
				CLANG_WARN_BLOCK_CAPTURE_AUTORELEASING = YES;
				CLANG_WARN_BOOL_CONVERSION = YES;
				CLANG_WARN_COMMA = YES;
				CLANG_WARN_CONSTANT_CONVERSION = YES;
				CLANG_WARN_DEPRECATED_OBJC_IMPLEMENTATIONS = YES;
				CLANG_WARN_DIRECT_OBJC_ISA_USAGE = YES_ERROR;
				CLANG_WARN_DOCUMENTATION_COMMENTS = YES;
				CLANG_WARN_EMPTY_BODY = YES;
				CLANG_WARN_ENUM_CONVERSION = YES;
				CLANG_WARN_INFINITE_RECURSION = YES;
				CLANG_WARN_INT_CONVERSION = YES;
				CLANG_WARN_NON_LITERAL_NULL_CONVERSION = YES;
				CLANG_WARN_OBJC_IMPLICIT_RETAIN_SELF = YES;
				CLANG_WARN_OBJC_LITERAL_CONVERSION = YES;
				CLANG_WARN_OBJC_ROOT_CLASS = YES_ERROR;
				CLANG_WARN_QUOTED_INCLUDE_IN_FRAMEWORK_HEADER = YES;
				CLANG_WARN_RANGE_LOOP_ANALYSIS = YES;
				CLANG_WARN_STRICT_PROTOTYPES = YES;
				CLANG_WARN_SUSPICIOUS_MOVE = YES;
				CLANG_WARN_UNGUARDED_AVAILABILITY = YES_AGGRESSIVE;
				CLANG_WARN_UNREACHABLE_CODE = YES;
				CLANG_WARN__DUPLICATE_METHOD_MATCH = YES;
				COPY_PHASE_STRIP = NO;
				DEBUG_INFORMATION_FORMAT = dwarf;
				ENABLE_STRICT_OBJC_MSGSEND = YES;
				ENABLE_TESTABILITY = YES;
				GCC_C_LANGUAGE_STANDARD = gnu11;
				GCC_DYNAMIC_NO_PIC = NO;
				GCC_NO_COMMON_BLOCKS = YES;
				GCC_OPTIMIZATION_LEVEL = 0;
				GCC_PREPROCESSOR_DEFINITIONS = (
					"$(inherited)",
					"DEBUG=1",
				);
				GCC_WARN_64_TO_32_BIT_CONVERSION = YES;
				GCC_WARN_ABOUT_RETURN_TYPE = YES_ERROR;
				GCC_WARN_UNDECLARED_SELECTOR = YES;
				GCC_WARN_UNINITIALIZED_AUTOS = YES_AGGRESSIVE;
				GCC_WARN_UNUSED_FUNCTION = YES;
				GCC_WARN_UNUSED_VARIABLE = YES;
				IPHONEOS_DEPLOYMENT_TARGET = 26.0;
				MTL_ENABLE_DEBUG_INFO = INCLUDE_SOURCE;
				MTL_FAST_MATH = YES;
				ONLY_ACTIVE_ARCH = YES;
				PRODUCT_NAME = "$(TARGET_NAME)";
				SDKROOT = iphoneos;
				SWIFT_ACTIVE_COMPILATION_CONDITIONS = DEBUG;
				SWIFT_OPTIMIZATION_LEVEL = "-Onone";
				SWIFT_VERSION = 6.0;
			};
			name = Debug;
		};
		CF2984FDD6133166519CD2F4 /* Debug */ = {
			isa = XCBuildConfiguration;
			buildSettings = {
				ASSETCATALOG_COMPILER_APPICON_NAME = AppIcon;
				CODE_SIGN_IDENTITY = "iPhone Developer";
				CODE_SIGN_STYLE = Automatic;
				DEVELOPMENT_TEAM = WBQM995SSV;
				INFOPLIST_FILE = PipeTally/Info.plist;
				IPHONEOS_DEPLOYMENT_TARGET = 26.0;
				LD_RUNPATH_SEARCH_PATHS = (
					"$(inherited)",
					"@executable_path/Frameworks",
				);
				PRODUCT_BUNDLE_IDENTIFIER = com.codymartin.PipeTally;
				PRODUCT_NAME = PipeTally;
				SDKROOT = iphoneos;
				TARGETED_DEVICE_FAMILY = 1;
			};
			name = Debug;
		};
		D522C11EEF4D5847BC0B9D6C /* Release */ = {
			isa = XCBuildConfiguration;
			buildSettings = {
				ALWAYS_SEARCH_USER_PATHS = NO;
				CLANG_ANALYZER_NONNULL = YES;
				CLANG_ANALYZER_NUMBER_OBJECT_CONVERSION = YES_AGGRESSIVE;
				CLANG_CXX_LANGUAGE_STANDARD = "gnu++14";
				CLANG_CXX_LIBRARY = "libc++";
				CLANG_ENABLE_MODULES = YES;
				CLANG_ENABLE_OBJC_ARC = YES;
				CLANG_ENABLE_OBJC_WEAK = YES;
				CLANG_WARN_BLOCK_CAPTURE_AUTORELEASING = YES;
				CLANG_WARN_BOOL_CONVERSION = YES;
				CLANG_WARN_COMMA = YES;
				CLANG_WARN_CONSTANT_CONVERSION = YES;
				CLANG_WARN_DEPRECATED_OBJC_IMPLEMENTATIONS = YES;
				CLANG_WARN_DIRECT_OBJC_ISA_USAGE = YES_ERROR;
				CLANG_WARN_DOCUMENTATION_COMMENTS = YES;
				CLANG_WARN_EMPTY_BODY = YES;
				CLANG_WARN_ENUM_CONVERSION = YES;
				CLANG_WARN_INFINITE_RECURSION = YES;
				CLANG_WARN_INT_CONVERSION = YES;
				CLANG_WARN_NON_LITERAL_NULL_CONVERSION = YES;
				CLANG_WARN_OBJC_IMPLICIT_RETAIN_SELF = YES;
				CLANG_WARN_OBJC_LITERAL_CONVERSION = YES;
				CLANG_WARN_OBJC_ROOT_CLASS = YES_ERROR;
				CLANG_WARN_QUOTED_INCLUDE_IN_FRAMEWORK_HEADER = YES;
				CLANG_WARN_RANGE_LOOP_ANALYSIS = YES;
				CLANG_WARN_STRICT_PROTOTYPES = YES;
				CLANG_WARN_SUSPICIOUS_MOVE = YES;
				CLANG_WARN_UNGUARDED_AVAILABILITY = YES_AGGRESSIVE;
				CLANG_WARN_UNREACHABLE_CODE = YES;
				CLANG_WARN__DUPLICATE_METHOD_MATCH = YES;
				COPY_PHASE_STRIP = NO;
				DEBUG_INFORMATION_FORMAT = "dwarf-with-dsym";
				ENABLE_NS_ASSERTIONS = NO;
				ENABLE_STRICT_OBJC_MSGSEND = YES;
				GCC_C_LANGUAGE_STANDARD = gnu11;
				GCC_NO_COMMON_BLOCKS = YES;
				GCC_WARN_64_TO_32_BIT_CONVERSION = YES;
				GCC_WARN_ABOUT_RETURN_TYPE = YES_ERROR;
				GCC_WARN_UNDECLARED_SELECTOR = YES;
				GCC_WARN_UNINITIALIZED_AUTOS = YES_AGGRESSIVE;
				GCC_WARN_UNUSED_FUNCTION = YES;
				GCC_WARN_UNUSED_VARIABLE = YES;
				IPHONEOS_DEPLOYMENT_TARGET = 26.0;
				MTL_ENABLE_DEBUG_INFO = NO;
				MTL_FAST_MATH = YES;
				PRODUCT_NAME = "$(TARGET_NAME)";
				SDKROOT = iphoneos;
				SWIFT_COMPILATION_MODE = wholemodule;
				SWIFT_OPTIMIZATION_LEVEL = "-O";
				SWIFT_VERSION = 6.0;
			};
			name = Release;
		};
/* End XCBuildConfiguration section */

/* Begin XCConfigurationList section */
		23B198EAE55D4C9128FE6B62 /* Build configuration list for PBXProject "PipeTally" */ = {
			isa = XCConfigurationList;
			buildConfigurations = (
				C510F576214F6627273E24FF /* Debug */,
				D522C11EEF4D5847BC0B9D6C /* Release */,
			);
			defaultConfigurationIsVisible = 0;
			defaultConfigurationName = Debug;
		};
		F694641B095B04B2C7ABD147 /* Build configuration list for PBXNativeTarget "PipeTally" */ = {
			isa = XCConfigurationList;
			buildConfigurations = (
				CF2984FDD6133166519CD2F4 /* Debug */,
				64263D9BB6180EBBB669C28A /* Release */,
			);
			defaultConfigurationIsVisible = 0;
			defaultConfigurationName = Debug;
		};
/* End XCConfigurationList section */
	};
	rootObject = 8B7771A72B6F54B404E0A227 /* Project object */;
}
